{
    "name": "@shared",
    "version": "1.0.0",
    "lockfileVersion": 3,
    "requires": true,
    "packages": {
        "": {
            "name": "@shared",
            "version": "1.0.0",
            "dependencies": {
                "@payloadcms/db-postgres": "^3.57.0",
                "@payloadcms/richtext-lexical": "^3.57.0",
                "sharp": "^0.34.4"
            },
            "devDependencies": {
                "@types/react": "19.0.1",
                "cross-env": "^7.0.3",
                "payload": "^3.57.0"
            }
        },
        "../../node_modules/.pnpm/@payloadcms+db-postgres@3.57.0_payload@3.57.0_graphql@16.11.0_typescript@5.9.2_/node_modules/@payloadcms/db-postgres": {
            "version": "3.57.0",
            "license": "MIT",
            "dependencies": {
                "@payloadcms/drizzle": "3.57.0",
                "@types/pg": "8.10.2",
                "console-table-printer": "2.12.1",
                "drizzle-kit": "0.31.4",
                "drizzle-orm": "0.44.2",
                "pg": "8.16.3",
                "prompts": "2.4.2",
                "to-snake-case": "1.0.0",
                "uuid": "10.0.0"
            },
            "devDependencies": {
                "@hyrious/esbuild-plugin-commonjs": "0.2.6",
                "@payloadcms/eslint-config": "3.28.0",
                "@types/to-snake-case": "1.0.0",
                "esbuild": "0.25.5",
                "payload": "3.57.0"
            },
            "peerDependencies": {
                "payload": "3.57.0"
            }
        },
        "../../node_modules/.pnpm/@payloadcms+richtext-lexical@3.57.0_@faceless-ui+modal@3.0.0_react-dom@19.0.0_react@19.0.0__r_bmudlzl5e5olvqo7rg5lbn45hi/node_modules/@payloadcms/richtext-lexical": {
            "version": "3.57.0",
            "license": "MIT",
            "dependencies": {
                "@lexical/headless": "0.35.0",
                "@lexical/html": "0.35.0",
                "@lexical/link": "0.35.0",
                "@lexical/list": "0.35.0",
                "@lexical/mark": "0.35.0",
                "@lexical/react": "0.35.0",
                "@lexical/rich-text": "0.35.0",
                "@lexical/selection": "0.35.0",
                "@lexical/table": "0.35.0",
                "@lexical/utils": "0.35.0",
                "@payloadcms/translations": "3.57.0",
                "@payloadcms/ui": "3.57.0",
                "@types/uuid": "10.0.0",
                "acorn": "8.12.1",
                "bson-objectid": "2.0.4",
                "csstype": "3.1.3",
                "dequal": "2.0.3",
                "escape-html": "1.0.3",
                "jsox": "1.2.121",
                "lexical": "0.35.0",
                "mdast-util-from-markdown": "2.0.2",
                "mdast-util-mdx-jsx": "3.1.3",
                "micromark-extension-mdx-jsx": "3.0.1",
                "qs-esm": "7.0.2",
                "react-error-boundary": "4.1.2",
                "ts-essentials": "10.0.3",
                "uuid": "10.0.0"
            },
            "devDependencies": {
                "@babel/cli": "7.27.2",
                "@babel/core": "7.27.3",
                "@babel/preset-env": "7.27.2",
                "@babel/preset-react": "7.27.1",
                "@babel/preset-typescript": "7.27.1",
                "@lexical/eslint-plugin": "0.35.0",
                "@payloadcms/eslint-config": "3.28.0",
                "@types/escape-html": "1.0.4",
                "@types/json-schema": "7.0.15",
                "@types/node": "22.15.30",
                "@types/react": "19.1.12",
                "@types/react-dom": "19.1.9",
                "babel-plugin-react-compiler": "19.1.0-rc.3",
                "babel-plugin-transform-remove-imports": "^1.8.0",
                "esbuild": "0.25.5",
                "esbuild-sass-plugin": "3.3.1",
                "payload": "3.57.0",
                "swc-plugin-transform-remove-imports": "4.0.4"
            },
            "engines": {
                "node": "^18.20.2 || >=20.9.0"
            },
            "peerDependencies": {
                "@faceless-ui/modal": "3.0.0",
                "@faceless-ui/scroll-info": "2.0.0",
                "@payloadcms/next": "3.57.0",
                "payload": "3.57.0",
                "react": "^19.0.0 || ^19.0.0-rc-65a56d0e-20241020",
                "react-dom": "^19.0.0 || ^19.0.0-rc-65a56d0e-20241020"
            }
        },
        "../../node_modules/.pnpm/@types+react@19.0.1/node_modules/@types/react": {
            "version": "19.0.1",
            "dev": true,
            "license": "MIT",
            "dependencies": {
                "csstype": "^3.0.2"
            }
        },
        "../../node_modules/.pnpm/cross-env@7.0.3/node_modules/cross-env": {
            "version": "7.0.3",
            "dev": true,
            "license": "MIT",
            "dependencies": {
                "cross-spawn": "^7.0.1"
            },
            "bin": {
                "cross-env": "src/bin/cross-env.js",
                "cross-env-shell": "src/bin/cross-env-shell.js"
            },
            "devDependencies": {
                "kcd-scripts": "^5.5.0"
            },
            "engines": {
                "node": ">=10.14",
                "npm": ">=6",
                "yarn": ">=1"
            }
        },
        "../../node_modules/.pnpm/payload@3.57.0_graphql@16.11.0_typescript@5.9.2/node_modules/payload": {
            "version": "3.57.0",
            "dev": true,
            "license": "MIT",
            "dependencies": {
                "@next/env": "^15.1.5",
                "@payloadcms/translations": "3.57.0",
                "@types/busboy": "1.5.4",
                "ajv": "8.17.1",
                "bson-objectid": "2.0.4",
                "busboy": "^1.6.0",
                "ci-info": "^4.1.0",
                "console-table-printer": "2.12.1",
                "croner": "9.1.0",
                "dataloader": "2.2.3",
                "deepmerge": "4.3.1",
                "file-type": "19.3.0",
                "get-tsconfig": "4.8.1",
                "http-status": "2.1.0",
                "image-size": "2.0.2",
                "ipaddr.js": "2.2.0",
                "jose": "5.9.6",
                "json-schema-to-typescript": "15.0.3",
                "minimist": "1.2.8",
                "path-to-regexp": "6.3.0",
                "pino": "9.5.0",
                "pino-pretty": "13.0.0",
                "pluralize": "8.0.0",
                "qs-esm": "7.0.2",
                "sanitize-filename": "1.6.3",
                "scmp": "2.1.0",
                "ts-essentials": "10.0.3",
                "tsx": "4.20.3",
                "undici": "7.10.0",
                "uuid": "10.0.0",
                "ws": "^8.16.0"
            },
            "bin": {
                "payload": "bin.js"
            },
            "devDependencies": {
                "@hyrious/esbuild-plugin-commonjs": "0.2.6",
                "@monaco-editor/react": "4.7.0",
                "@payloadcms/eslint-config": "3.28.0",
                "@types/json-schema": "7.0.15",
                "@types/minimist": "1.2.2",
                "@types/nodemailer": "6.4.17",
                "@types/pluralize": "0.0.33",
                "@types/uuid": "10.0.0",
                "@types/ws": "^8.5.10",
                "copyfiles": "2.4.1",
                "cross-env": "7.0.3",
                "esbuild": "0.25.5",
                "graphql-http": "^1.22.0",
                "react-datepicker": "7.6.0",
                "rimraf": "6.0.1",
                "sharp": "0.32.6"
            },
            "engines": {
                "node": "^18.20.2 || >=20.9.0"
            },
            "peerDependencies": {
                "graphql": "^16.8.1"
            }
        },
        "../../node_modules/.pnpm/sharp@0.34.4/node_modules/sharp": {
            "version": "0.34.4",
            "hasInstallScript": true,
            "license": "Apache-2.0",
            "dependencies": {
                "@img/colour": "^1.0.0",
                "detect-libc": "^2.1.0",
                "semver": "^7.7.2"
            },
            "devDependencies": {
                "@emnapi/runtime": "^1.5.0",
                "@img/sharp-libvips-dev": "1.2.3",
                "@img/sharp-libvips-dev-wasm32": "1.2.3",
                "@img/sharp-libvips-win32-arm64": "1.2.3",
                "@img/sharp-libvips-win32-ia32": "1.2.3",
                "@img/sharp-libvips-win32-x64": "1.2.3",
                "@types/node": "*",
                "cc": "^3.0.1",
                "emnapi": "^1.5.0",
                "exif-reader": "^2.0.2",
                "extract-zip": "^2.0.1",
                "icc": "^3.0.0",
                "jsdoc-to-markdown": "^9.1.2",
                "license-checker": "^25.0.1",
                "mocha": "^11.7.2",
                "node-addon-api": "^8.5.0",
                "node-gyp": "^11.4.2",
                "nyc": "^17.1.0",
                "semistandard": "^17.0.0",
                "tar-fs": "^3.1.1",
                "tsd": "^0.33.0"
            },
            "engines": {
                "node": "^18.17.0 || ^20.3.0 || >=21.0.0"
            },
            "funding": {
                "url": "https://opencollective.com/libvips"
            },
            "optionalDependencies": {
                "@img/sharp-darwin-arm64": "0.34.4",
                "@img/sharp-darwin-x64": "0.34.4",
                "@img/sharp-libvips-darwin-arm64": "1.2.3",
                "@img/sharp-libvips-darwin-x64": "1.2.3",
                "@img/sharp-libvips-linux-arm": "1.2.3",
                "@img/sharp-libvips-linux-arm64": "1.2.3",
                "@img/sharp-libvips-linux-ppc64": "1.2.3",
                "@img/sharp-libvips-linux-s390x": "1.2.3",
                "@img/sharp-libvips-linux-x64": "1.2.3",
                "@img/sharp-libvips-linuxmusl-arm64": "1.2.3",
                "@img/sharp-libvips-linuxmusl-x64": "1.2.3",
                "@img/sharp-linux-arm": "0.34.4",
                "@img/sharp-linux-arm64": "0.34.4",
                "@img/sharp-linux-ppc64": "0.34.4",
                "@img/sharp-linux-s390x": "0.34.4",
                "@img/sharp-linux-x64": "0.34.4",
                "@img/sharp-linuxmusl-arm64": "0.34.4",
                "@img/sharp-linuxmusl-x64": "0.34.4",
                "@img/sharp-wasm32": "0.34.4",
                "@img/sharp-win32-arm64": "0.34.4",
                "@img/sharp-win32-ia32": "0.34.4",
                "@img/sharp-win32-x64": "0.34.4"
            }
        },
        "node_modules/@payloadcms/db-postgres": {
            "resolved": "../../node_modules/.pnpm/@payloadcms+db-postgres@3.57.0_payload@3.57.0_graphql@16.11.0_typescript@5.9.2_/node_modules/@payloadcms/db-postgres",
            "link": true
        },
        "node_modules/@payloadcms/richtext-lexical": {
            "resolved": "../../node_modules/.pnpm/@payloadcms+richtext-lexical@3.57.0_@faceless-ui+modal@3.0.0_react-dom@19.0.0_react@19.0.0__r_bmudlzl5e5olvqo7rg5lbn45hi/node_modules/@payloadcms/richtext-lexical",
            "link": true
        },
        "node_modules/@types/react": {
            "resolved": "../../node_modules/.pnpm/@types+react@19.0.1/node_modules/@types/react",
            "link": true
        },
        "node_modules/cross-env": {
            "resolved": "../../node_modules/.pnpm/cross-env@7.0.3/node_modules/cross-env",
            "link": true
        },
        "node_modules/payload": {
            "resolved": "../../node_modules/.pnpm/payload@3.57.0_graphql@16.11.0_typescript@5.9.2/node_modules/payload",
            "link": true
        },
        "node_modules/sharp": {
            "resolved": "../../node_modules/.pnpm/sharp@0.34.4/node_modules/sharp",
            "link": true
        }
    }
}
